
Microsoft Visual Studio Solution File, Format Version 12.00
# Visual Studio Version 16
VisualStudioVersion = 16.0.31829.152
MinimumVisualStudioVersion = 10.0.40219.1
Project("{9A19103F-16F7-4668-BE54-9A1E7A4F7556}") = "ToDoList.Functions", "src\ToDoList.Functions\ToDoList.Functions.csproj", "{B0A604D8-C7EF-4624-B231-FADE6CE4FC77}"
EndProject
Project("{FAE04EC0-301F-11D3-BF4B-00C04F79EFBC}") = "ToDoList.Core", "src\ToDoList.Core\ToDoList.Core.csproj", "{A65D8CAB-E5A8-4B72-B208-DD23BCA684FC}"
EndProject
Project("{FAE04EC0-301F-11D3-BF4B-00C04F79EFBC}") = "ToDoList.Infrastructure", "src\ToDoList.Infrastructure\ToDoList.Infrastructure\ToDoList.Infrastructure.csproj", "{36FB3D59-13EA-430F-B4E0-84E94E2F825B}"
EndProject
Global
	GlobalSection(SolutionConfigurationPlatforms) = preSolution
		Debug|Any CPU = Debug|Any CPU
		Release|Any CPU = Release|Any CPU
	EndGlobalSection
	GlobalSection(ProjectConfigurationPlatforms) = postSolution
		{B0A604D8-C7EF-4624-B231-FADE6CE4FC77}.Debug|Any CPU.ActiveCfg = Debug|Any CPU
		{B0A604D8-C7EF-4624-B231-FADE6CE4FC77}.Debug|Any CPU.Build.0 = Debug|Any CPU
		{B0A604D8-C7EF-4624-B231-FADE6CE4FC77}.Release|Any CPU.ActiveCfg = Release|Any CPU
		{B0A604D8-C7EF-4624-B231-FADE6CE4FC77}.Release|Any CPU.Build.0 = Release|Any CPU
		{A65D8CAB-E5A8-4B72-B208-DD23BCA684FC}.Debug|Any CPU.ActiveCfg = Debug|Any CPU
		{A65D8CAB-E5A8-4B72-B208-DD23BCA684FC}.Debug|Any CPU.Build.0 = Debug|Any CPU
		{A65D8CAB-E5A8-4B72-B208-DD23BCA684FC}.Release|Any CPU.ActiveCfg = Release|Any CPU
		{A65D8CAB-E5A8-4B72-B208-DD23BCA684FC}.Release|Any CPU.Build.0 = Release|Any CPU
		{36FB3D59-13EA-430F-B4E0-84E94E2F825B}.Debug|Any CPU.ActiveCfg = Debug|Any CPU
		{36FB3D59-13EA-430F-B4E0-84E94E2F825B}.Debug|Any CPU.Build.0 = Debug|Any CPU
		{36FB3D59-13EA-430F-B4E0-84E94E2F825B}.Release|Any CPU.ActiveCfg = Release|Any CPU
		{36FB3D59-13EA-430F-B4E0-84E94E2F825B}.Release|Any CPU.Build.0 = Release|Any CPU
	EndGlobalSection
	GlobalSection(SolutionProperties) = preSolution
		HideSolutionNode = FALSE
	EndGlobalSection
	GlobalSection(ExtensibilityGlobals) = postSolution
		SolutionGuid = {6F2E9BAA-7C6E-46AA-944D-39476F87285F}
	EndGlobalSection
EndGlobal
